
Microsoft Visual Studio Solution File, Format Version 12.00
# Visual Studio 2013
VisualStudioVersion = 12.0.21005.1
MinimumVisualStudioVersion = 10.0.40219.1
Project("{8BC9CEB8-8B4A-11D0-8D11-00A0C91BC942}") = "ctf", "ctf\ctf.vcxproj", "{0AB4CB53-F0FF-45EB-8A4E-826EC2FB01EF}"
EndProject
Project("{8BC9CEB8-8B4A-11D0-8D11-00A0C91BC942}") = "game", "game\game.vcxproj", "{EE448ABE-9612-459D-9288-5D5DF2350D4B}"
EndProject
Project("{8BC9CEB8-8B4A-11D0-8D11-00A0C91BC942}") = "quake2", "quake2.vcxproj", "{6BFB362E-81AA-44C0-883A-9D2B265CFB1E}"
EndProject
Project("{8BC9CEB8-8B4A-11D0-8D11-00A0C91BC942}") = "ref_gl", "ref_gl\ref_gl.vcxproj", "{3ED639C7-450F-45E6-B5AB-0929019C5300}"
EndProject
Project("{8BC9CEB8-8B4A-11D0-8D11-00A0C91BC942}") = "ref_soft", "ref_soft\ref_soft.vcxproj", "{0A911858-9335-4C88-A02C-2E193FCFA87B}"
EndProject
Global
	GlobalSection(SolutionConfigurationPlatforms) = preSolution
		Debug Alpha|Win32 = Debug Alpha|Win32
		Debug|Win32 = Debug|Win32
		Release Alpha|Win32 = Release Alpha|Win32
		Release|Win32 = Release|Win32
		Template|Win32 = Template|Win32
	EndGlobalSection
	GlobalSection(ProjectConfigurationPlatforms) = postSolution
		{0AB4CB53-F0FF-45EB-8A4E-826EC2FB01EF}.Debug Alpha|Win32.ActiveCfg = Debug Alpha|Win32
		{0AB4CB53-F0FF-45EB-8A4E-826EC2FB01EF}.Debug Alpha|Win32.Build.0 = Debug Alpha|Win32
		{0AB4CB53-F0FF-45EB-8A4E-826EC2FB01EF}.Debug|Win32.ActiveCfg = Debug|Win32
		{0AB4CB53-F0FF-45EB-8A4E-826EC2FB01EF}.Debug|Win32.Build.0 = Debug|Win32
		{0AB4CB53-F0FF-45EB-8A4E-826EC2FB01EF}.Release Alpha|Win32.ActiveCfg = Release Alpha|Win32
		{0AB4CB53-F0FF-45EB-8A4E-826EC2FB01EF}.Release Alpha|Win32.Build.0 = Release Alpha|Win32
		{0AB4CB53-F0FF-45EB-8A4E-826EC2FB01EF}.Release|Win32.ActiveCfg = Release|Win32
		{0AB4CB53-F0FF-45EB-8A4E-826EC2FB01EF}.Release|Win32.Build.0 = Release|Win32
		{0AB4CB53-F0FF-45EB-8A4E-826EC2FB01EF}.Template|Win32.ActiveCfg = Release Alpha|Win32
		{0AB4CB53-F0FF-45EB-8A4E-826EC2FB01EF}.Template|Win32.Build.0 = Release Alpha|Win32
		{EE448ABE-9612-459D-9288-5D5DF2350D4B}.Debug Alpha|Win32.ActiveCfg = Debug Alpha|Win32
		{EE448ABE-9612-459D-9288-5D5DF2350D4B}.Debug Alpha|Win32.Build.0 = Debug Alpha|Win32
		{EE448ABE-9612-459D-9288-5D5DF2350D4B}.Debug|Win32.ActiveCfg = Debug|Win32
		{EE448ABE-9612-459D-9288-5D5DF2350D4B}.Debug|Win32.Build.0 = Debug|Win32
		{EE448ABE-9612-459D-9288-5D5DF2350D4B}.Release Alpha|Win32.ActiveCfg = Release Alpha|Win32
		{EE448ABE-9612-459D-9288-5D5DF2350D4B}.Release Alpha|Win32.Build.0 = Release Alpha|Win32
		{EE448ABE-9612-459D-9288-5D5DF2350D4B}.Release|Win32.ActiveCfg = Release|Win32
		{EE448ABE-9612-459D-9288-5D5DF2350D4B}.Release|Win32.Build.0 = Release|Win32
		{EE448ABE-9612-459D-9288-5D5DF2350D4B}.Template|Win32.ActiveCfg = Template|Win32
		{EE448ABE-9612-459D-9288-5D5DF2350D4B}.Template|Win32.Build.0 = Template|Win32
		{6BFB362E-81AA-44C0-883A-9D2B265CFB1E}.Debug Alpha|Win32.ActiveCfg = Debug Alpha|Win32
		{6BFB362E-81AA-44C0-883A-9D2B265CFB1E}.Debug Alpha|Win32.Build.0 = Debug Alpha|Win32
		{6BFB362E-81AA-44C0-883A-9D2B265CFB1E}.Debug|Win32.ActiveCfg = Debug|Win32
		{6BFB362E-81AA-44C0-883A-9D2B265CFB1E}.Debug|Win32.Build.0 = Debug|Win32
		{6BFB362E-81AA-44C0-883A-9D2B265CFB1E}.Release Alpha|Win32.ActiveCfg = Release Alpha|Win32
		{6BFB362E-81AA-44C0-883A-9D2B265CFB1E}.Release Alpha|Win32.Build.0 = Release Alpha|Win32
		{6BFB362E-81AA-44C0-883A-9D2B265CFB1E}.Release|Win32.ActiveCfg = Release|Win32
		{6BFB362E-81AA-44C0-883A-9D2B265CFB1E}.Release|Win32.Build.0 = Release|Win32
		{6BFB362E-81AA-44C0-883A-9D2B265CFB1E}.Template|Win32.ActiveCfg = Template|Win32
		{6BFB362E-81AA-44C0-883A-9D2B265CFB1E}.Template|Win32.Build.0 = Template|Win32
		{3ED639C7-450F-45E6-B5AB-0929019C5300}.Debug Alpha|Win32.ActiveCfg = Debug Alpha|Win32
		{3ED639C7-450F-45E6-B5AB-0929019C5300}.Debug Alpha|Win32.Build.0 = Debug Alpha|Win32
		{3ED639C7-450F-45E6-B5AB-0929019C5300}.Debug|Win32.ActiveCfg = Debug|Win32
		{3ED639C7-450F-45E6-B5AB-0929019C5300}.Debug|Win32.Build.0 = Debug|Win32
		{3ED639C7-450F-45E6-B5AB-0929019C5300}.Release Alpha|Win32.ActiveCfg = Release Alpha|Win32
		{3ED639C7-450F-45E6-B5AB-0929019C5300}.Release Alpha|Win32.Build.0 = Release Alpha|Win32
		{3ED639C7-450F-45E6-B5AB-0929019C5300}.Release|Win32.ActiveCfg = Release|Win32
		{3ED639C7-450F-45E6-B5AB-0929019C5300}.Release|Win32.Build.0 = Release|Win32
		{3ED639C7-450F-45E6-B5AB-0929019C5300}.Template|Win32.ActiveCfg = Template|Win32
		{3ED639C7-450F-45E6-B5AB-0929019C5300}.Template|Win32.Build.0 = Template|Win32
		{0A911858-9335-4C88-A02C-2E193FCFA87B}.Debug Alpha|Win32.ActiveCfg = Debug Alpha|Win32
		{0A911858-9335-4C88-A02C-2E193FCFA87B}.Debug Alpha|Win32.Build.0 = Debug Alpha|Win32
		{0A911858-9335-4C88-A02C-2E193FCFA87B}.Debug|Win32.ActiveCfg = Debug|Win32
		{0A911858-9335-4C88-A02C-2E193FCFA87B}.Debug|Win32.Build.0 = Debug|Win32
		{0A911858-9335-4C88-A02C-2E193FCFA87B}.Release Alpha|Win32.ActiveCfg = Release Alpha|Win32
		{0A911858-9335-4C88-A02C-2E193FCFA87B}.Release Alpha|Win32.Build.0 = Release Alpha|Win32
		{0A911858-9335-4C88-A02C-2E193FCFA87B}.Release|Win32.ActiveCfg = Release|Win32
		{0A911858-9335-4C88-A02C-2E193FCFA87B}.Release|Win32.Build.0 = Release|Win32
		{0A911858-9335-4C88-A02C-2E193FCFA87B}.Template|Win32.ActiveCfg = Template|Win32
		{0A911858-9335-4C88-A02C-2E193FCFA87B}.Template|Win32.Build.0 = Template|Win32
	EndGlobalSection
	GlobalSection(SolutionProperties) = preSolution
		HideSolutionNode = FALSE
	EndGlobalSection
EndGlobal
